
Microsoft Visual Studio Solution File, Format Version 12.00
# Visual Studio Version 16
VisualStudioVersion = 16.0.30329.45
MinimumVisualStudioVersion = 10.0.40219.1
Project("{9A19103F-16F7-4668-BE54-9A1E7A4F7556}") = "NugetPackageExtractor", "NugetPackageExtractor\NugetPackageExtractor.csproj", "{48C40DE4-5131-456D-90EC-E57439017A7C}"
EndProject
Project("{FAE04EC0-301F-11D3-BF4B-00C04F79EFBC}") = "NugetPackageExtractor.Test", "NugetPackageExtractor.Test\NugetPackageExtractor.Test.csproj", "{7F20D85C-21CB-439E-85C1-54F8AB8CD840}"
EndProject
Global
	GlobalSection(SolutionConfigurationPlatforms) = preSolution
		Debug|Any CPU = Debug|Any CPU
		Release|Any CPU = Release|Any CPU
	EndGlobalSection
	GlobalSection(ProjectConfigurationPlatforms) = postSolution
		{48C40DE4-5131-456D-90EC-E57439017A7C}.Debug|Any CPU.ActiveCfg = Debug|Any CPU
		{48C40DE4-5131-456D-90EC-E57439017A7C}.Debug|Any CPU.Build.0 = Debug|Any CPU
		{48C40DE4-5131-456D-90EC-E57439017A7C}.Release|Any CPU.ActiveCfg = Release|Any CPU
		{48C40DE4-5131-456D-90EC-E57439017A7C}.Release|Any CPU.Build.0 = Release|Any CPU
		{7F20D85C-21CB-439E-85C1-54F8AB8CD840}.Debug|Any CPU.ActiveCfg = Debug|Any CPU
		{7F20D85C-21CB-439E-85C1-54F8AB8CD840}.Debug|Any CPU.Build.0 = Debug|Any CPU
		{7F20D85C-21CB-439E-85C1-54F8AB8CD840}.Release|Any CPU.ActiveCfg = Release|Any CPU
		{7F20D85C-21CB-439E-85C1-54F8AB8CD840}.Release|Any CPU.Build.0 = Release|Any CPU
	EndGlobalSection
	GlobalSection(SolutionProperties) = preSolution
		HideSolutionNode = FALSE
	EndGlobalSection
	GlobalSection(ExtensibilityGlobals) = postSolution
		SolutionGuid = {102970D3-17BE-4211-AE47-1BCE148964A4}
	EndGlobalSection
EndGlobal
